
Microsoft Visual Studio Solution File, Format Version 12.00
# Visual Studio 15
VisualStudioVersion = 15.0.27130.2036
MinimumVisualStudioVersion = 10.0.40219.1
Project("{FAE04EC0-301F-11D3-BF4B-00C04F79EFBC}") = "QuickStatsModule", "QuickStatsModule\QuickStatsModule.csproj", "{65567AF7-D016-4CE6-838F-F2B24F09FED9}"
EndProject
Global
	GlobalSection(SolutionConfigurationPlatforms) = preSolution
		Debug|Any CPU = Debug|Any CPU
		Release|Any CPU = Release|Any CPU
	EndGlobalSection
	GlobalSection(ProjectConfigurationPlatforms) = postSolution
		{65567AF7-D016-4CE6-838F-F2B24F09FED9}.Debug|Any CPU.ActiveCfg = Debug|Any CPU
		{65567AF7-D016-4CE6-838F-F2B24F09FED9}.Debug|Any CPU.Build.0 = Debug|Any CPU
		{65567AF7-D016-4CE6-838F-F2B24F09FED9}.Release|Any CPU.ActiveCfg = Release|Any CPU
		{65567AF7-D016-4CE6-838F-F2B24F09FED9}.Release|Any CPU.Build.0 = Release|Any CPU
	EndGlobalSection
	GlobalSection(SolutionProperties) = preSolution
		HideSolutionNode = FALSE
	EndGlobalSection
	GlobalSection(ExtensibilityGlobals) = postSolution
		SolutionGuid = {EC9C40E1-DF7C-4ED0-AF9A-7489D1DAC3B0}
	EndGlobalSection
EndGlobal
